
Microsoft Visual Studio Solution File, Format Version 12.00
Project("{FAE04EC0-301F-11D3-BF4B-00C04F79EFBC}") = "Stats-Percentile", "Stats-Percentile\Stats-Percentile.csproj", "{6862D3FD-E0B2-4EBE-A3A7-6F01DCBB2253}"
EndProject
Project("{FAE04EC0-301F-11D3-BF4B-00C04F79EFBC}") = "Stats-Percentile.Tests", "Stats-Percentile.Tests\Stats-Percentile.Tests.csproj", "{9E335CE3-D475-4EE7-8C54-198695B84572}"
EndProject
Global
	GlobalSection(SolutionConfigurationPlatforms) = preSolution
		Debug|Any CPU = Debug|Any CPU
		Release|Any CPU = Release|Any CPU
	EndGlobalSection
	GlobalSection(ProjectConfigurationPlatforms) = postSolution
		{6862D3FD-E0B2-4EBE-A3A7-6F01DCBB2253}.Debug|Any CPU.ActiveCfg = Debug|Any CPU
		{6862D3FD-E0B2-4EBE-A3A7-6F01DCBB2253}.Debug|Any CPU.Build.0 = Debug|Any CPU
		{6862D3FD-E0B2-4EBE-A3A7-6F01DCBB2253}.Release|Any CPU.ActiveCfg = Release|Any CPU
		{6862D3FD-E0B2-4EBE-A3A7-6F01DCBB2253}.Release|Any CPU.Build.0 = Release|Any CPU
		{9E335CE3-D475-4EE7-8C54-198695B84572}.Debug|Any CPU.ActiveCfg = Debug|Any CPU
		{9E335CE3-D475-4EE7-8C54-198695B84572}.Debug|Any CPU.Build.0 = Debug|Any CPU
		{9E335CE3-D475-4EE7-8C54-198695B84572}.Release|Any CPU.ActiveCfg = Release|Any CPU
		{9E335CE3-D475-4EE7-8C54-198695B84572}.Release|Any CPU.Build.0 = Release|Any CPU
	EndGlobalSection
EndGlobal
